// !$*UTF8*$!
{
	archiveVersion = 1;
	classes = {
	};
	objectVersion = 56;
	objects = {

/* Begin PBXBuildFile section */
		F739BA332B7EE2600007C638 /* Game.swift in Sources */ = {isa = PBXBuildFile; fileRef = F739BA322B7EE2600007C638 /* Game.swift */; };
		F739BA362B7EE3180007C638 /* ScoreView.swift in Sources */ = {isa = PBXBuildFile; fileRef = F739BA352B7EE3180007C638 /* ScoreView.swift */; };
		F739BA382B7EE32A0007C638 /* ScoreViewModel.swift in Sources */ = {isa = PBXBuildFile; fileRef = F739BA372B7EE32A0007C638 /* ScoreViewModel.swift */; };
		F744023A2B7F23040018AB44 /* GameView.swift in Sources */ = {isa = PBXBuildFile; fileRef = F74402392B7F23040018AB44 /* GameView.swift */; };
		F768DDDD2B7EE8BD009372EA /* CreateGameView.swift in Sources */ = {isa = PBXBuildFile; fileRef = F768DDDC2B7EE8BD009372EA /* CreateGameView.swift */; };
		F77DF0712B81C2750000A3F2 /* InputView.swift in Sources */ = {isa = PBXBuildFile; fileRef = F77DF0702B81C2750000A3F2 /* InputView.swift */; };
		F77DF0792B82761B0000A3F2 /* MediumEmphasisButton.swift in Sources */ = {isa = PBXBuildFile; fileRef = F77DF0782B82761B0000A3F2 /* MediumEmphasisButton.swift */; };
		F77DF07B2B82892C0000A3F2 /* DefinitionView.swift in Sources */ = {isa = PBXBuildFile; fileRef = F77DF07A2B82892C0000A3F2 /* DefinitionView.swift */; };
		F77DF07D2B82956F0000A3F2 /* Eurostile.ttf in Resources */ = {isa = PBXBuildFile; fileRef = F77DF07C2B82956F0000A3F2 /* Eurostile.ttf */; };
		F796B7152B6AE529008474E0 /* TileTallyApp.swift in Sources */ = {isa = PBXBuildFile; fileRef = F796B7142B6AE529008474E0 /* TileTallyApp.swift */; };
		F796B7172B6AE529008474E0 /* ContentView.swift in Sources */ = {isa = PBXBuildFile; fileRef = F796B7162B6AE529008474E0 /* ContentView.swift */; };
		F796B7192B6AE53E008474E0 /* Assets.xcassets in Resources */ = {isa = PBXBuildFile; fileRef = F796B7182B6AE53E008474E0 /* Assets.xcassets */; };
		F796B71C2B6AE53E008474E0 /* Preview Assets.xcassets in Resources */ = {isa = PBXBuildFile; fileRef = F796B71B2B6AE53E008474E0 /* Preview Assets.xcassets */; };
		F796B72B2B6AE53E008474E0 /* ScrabPalTests.swift in Sources */ = {isa = PBXBuildFile; fileRef = F796B72A2B6AE53E008474E0 /* ScrabPalTests.swift */; };
		F796B7352B6AE53E008474E0 /* ScrabPalUITests.swift in Sources */ = {isa = PBXBuildFile; fileRef = F796B7342B6AE53E008474E0 /* ScrabPalUITests.swift */; };
		F796B7372B6AE53E008474E0 /* ScrabPalUITestsLaunchTests.swift in Sources */ = {isa = PBXBuildFile; fileRef = F796B7362B6AE53E008474E0 /* ScrabPalUITestsLaunchTests.swift */; };
		F796B7452B6AE658008474E0 /* CheckView.swift in Sources */ = {isa = PBXBuildFile; fileRef = F796B7442B6AE658008474E0 /* CheckView.swift */; };
		F796B7472B6AE711008474E0 /* CheckViewModel.swift in Sources */ = {isa = PBXBuildFile; fileRef = F796B7462B6AE711008474E0 /* CheckViewModel.swift */; };
		F796B74A2B6AEABD008474E0 /* HighEmphasisButton.swift in Sources */ = {isa = PBXBuildFile; fileRef = F796B7492B6AEABD008474E0 /* HighEmphasisButton.swift */; };
		F796B74D2B6AEE97008474E0 /* Color+Extensions.swift in Sources */ = {isa = PBXBuildFile; fileRef = F796B74C2B6AEE97008474E0 /* Color+Extensions.swift */; };
		F796B7502B6AF13F008474E0 /* Dictionary.swift in Sources */ = {isa = PBXBuildFile; fileRef = F796B74F2B6AF13F008474E0 /* Dictionary.swift */; };
/* End PBXBuildFile section */

/* Begin PBXContainerItemProxy section */
		F796B7272B6AE53E008474E0 /* PBXContainerItemProxy */ = {
			isa = PBXContainerItemProxy;
			containerPortal = F796B7092B6AE529008474E0 /* Project object */;
			proxyType = 1;
			remoteGlobalIDString = F796B7102B6AE529008474E0;
			remoteInfo = ScrabPal;
		};
		F796B7312B6AE53E008474E0 /* PBXContainerItemProxy */ = {
			isa = PBXContainerItemProxy;
			containerPortal = F796B7092B6AE529008474E0 /* Project object */;
			proxyType = 1;
			remoteGlobalIDString = F796B7102B6AE529008474E0;
			remoteInfo = ScrabPal;
		};
/* End PBXContainerItemProxy section */

/* Begin PBXFileReference section */
		F739BA322B7EE2600007C638 /* Game.swift */ = {isa = PBXFileReference; lastKnownFileType = sourcecode.swift; path = Game.swift; sourceTree = "<group>"; };
		F739BA352B7EE3180007C638 /* ScoreView.swift */ = {isa = PBXFileReference; lastKnownFileType = sourcecode.swift; path = ScoreView.swift; sourceTree = "<group>"; };
		F739BA372B7EE32A0007C638 /* ScoreViewModel.swift */ = {isa = PBXFileReference; lastKnownFileType = sourcecode.swift; path = ScoreViewModel.swift; sourceTree = "<group>"; };
		F74402392B7F23040018AB44 /* GameView.swift */ = {isa = PBXFileReference; lastKnownFileType = sourcecode.swift; path = GameView.swift; sourceTree = "<group>"; };
		F768DDDC2B7EE8BD009372EA /* CreateGameView.swift */ = {isa = PBXFileReference; lastKnownFileType = sourcecode.swift; path = CreateGameView.swift; sourceTree = "<group>"; };
		F77DF0702B81C2750000A3F2 /* InputView.swift */ = {isa = PBXFileReference; lastKnownFileType = sourcecode.swift; path = InputView.swift; sourceTree = "<group>"; };
		F77DF0722B81C8560000A3F2 /* Info.plist */ = {isa = PBXFileReference; lastKnownFileType = text.plist; path = Info.plist; sourceTree = "<group>"; };
		F77DF0782B82761B0000A3F2 /* MediumEmphasisButton.swift */ = {isa = PBXFileReference; lastKnownFileType = sourcecode.swift; path = MediumEmphasisButton.swift; sourceTree = "<group>"; };
		F77DF07A2B82892C0000A3F2 /* DefinitionView.swift */ = {isa = PBXFileReference; lastKnownFileType = sourcecode.swift; path = DefinitionView.swift; sourceTree = "<group>"; };
		F77DF07C2B82956F0000A3F2 /* Eurostile.ttf */ = {isa = PBXFileReference; lastKnownFileType = file; path = Eurostile.ttf; sourceTree = "<group>"; };
		F796B7112B6AE529008474E0 /* TileTally.app */ = {isa = PBXFileReference; explicitFileType = wrapper.application; includeInIndex = 0; path = TileTally.app; sourceTree = BUILT_PRODUCTS_DIR; };
		F796B7142B6AE529008474E0 /* TileTallyApp.swift */ = {isa = PBXFileReference; lastKnownFileType = sourcecode.swift; path = TileTallyApp.swift; sourceTree = "<group>"; };
		F796B7162B6AE529008474E0 /* ContentView.swift */ = {isa = PBXFileReference; lastKnownFileType = sourcecode.swift; path = ContentView.swift; sourceTree = "<group>"; };
		F796B7182B6AE53E008474E0 /* Assets.xcassets */ = {isa = PBXFileReference; lastKnownFileType = folder.assetcatalog; path = Assets.xcassets; sourceTree = "<group>"; };
		F796B71B2B6AE53E008474E0 /* Preview Assets.xcassets */ = {isa = PBXFileReference; lastKnownFileType = folder.assetcatalog; path = "Preview Assets.xcassets"; sourceTree = "<group>"; };
		F796B7262B6AE53E008474E0 /* TileTallyTests.xctest */ = {isa = PBXFileReference; explicitFileType = wrapper.cfbundle; includeInIndex = 0; path = TileTallyTests.xctest; sourceTree = BUILT_PRODUCTS_DIR; };
		F796B72A2B6AE53E008474E0 /* ScrabPalTests.swift */ = {isa = PBXFileReference; lastKnownFileType = sourcecode.swift; path = ScrabPalTests.swift; sourceTree = "<group>"; };
		F796B7302B6AE53E008474E0 /* TileTallyUITests.xctest */ = {isa = PBXFileReference; explicitFileType = wrapper.cfbundle; includeInIndex = 0; path = TileTallyUITests.xctest; sourceTree = BUILT_PRODUCTS_DIR; };
		F796B7342B6AE53E008474E0 /* ScrabPalUITests.swift */ = {isa = PBXFileReference; lastKnownFileType = sourcecode.swift; path = ScrabPalUITests.swift; sourceTree = "<group>"; };
		F796B7362B6AE53E008474E0 /* ScrabPalUITestsLaunchTests.swift */ = {isa = PBXFileReference; lastKnownFileType = sourcecode.swift; path = ScrabPalUITestsLaunchTests.swift; sourceTree = "<group>"; };
		F796B7442B6AE658008474E0 /* CheckView.swift */ = {isa = PBXFileReference; lastKnownFileType = sourcecode.swift; path = CheckView.swift; sourceTree = "<group>"; };
		F796B7462B6AE711008474E0 /* CheckViewModel.swift */ = {isa = PBXFileReference; lastKnownFileType = sourcecode.swift; path = CheckViewModel.swift; sourceTree = "<group>"; };
		F796B7492B6AEABD008474E0 /* HighEmphasisButton.swift */ = {isa = PBXFileReference; lastKnownFileType = sourcecode.swift; path = HighEmphasisButton.swift; sourceTree = "<group>"; };
		F796B74C2B6AEE97008474E0 /* Color+Extensions.swift */ = {isa = PBXFileReference; lastKnownFileType = sourcecode.swift; path = "Color+Extensions.swift"; sourceTree = "<group>"; };
		F796B74F2B6AF13F008474E0 /* Dictionary.swift */ = {isa = PBXFileReference; lastKnownFileType = sourcecode.swift; path = Dictionary.swift; sourceTree = "<group>"; };
/* End PBXFileReference section */

/* Begin PBXFrameworksBuildPhase section */
		F796B70E2B6AE529008474E0 /* Frameworks */ = {
			isa = PBXFrameworksBuildPhase;
			buildActionMask = 2147483647;
			files = (
			);
			runOnlyForDeploymentPostprocessing = 0;
		};
		F796B7232B6AE53E008474E0 /* Frameworks */ = {
			isa = PBXFrameworksBuildPhase;
			buildActionMask = 2147483647;
			files = (
			);
			runOnlyForDeploymentPostprocessing = 0;
		};
		F796B72D2B6AE53E008474E0 /* Frameworks */ = {
			isa = PBXFrameworksBuildPhase;
			buildActionMask = 2147483647;
			files = (
			);
			runOnlyForDeploymentPostprocessing = 0;
		};
/* End PBXFrameworksBuildPhase section */

/* Begin PBXGroup section */
		F739BA342B7EE3030007C638 /* Score */ = {
			isa = PBXGroup;
			children = (
				F739BA352B7EE3180007C638 /* ScoreView.swift */,
				F739BA372B7EE32A0007C638 /* ScoreViewModel.swift */,
				F768DDDC2B7EE8BD009372EA /* CreateGameView.swift */,
				F74402392B7F23040018AB44 /* GameView.swift */,
				F77DF0702B81C2750000A3F2 /* InputView.swift */,
			);
			path = Score;
			sourceTree = "<group>";
		};
		F77DF0752B81D9C20000A3F2 /* Assets */ = {
			isa = PBXGroup;
			children = (
				F77DF07C2B82956F0000A3F2 /* Eurostile.ttf */,
				F796B7182B6AE53E008474E0 /* Assets.xcassets */,
			);
			path = Assets;
			sourceTree = "<group>";
		};
		F796B7082B6AE529008474E0 = {
			isa = PBXGroup;
			children = (
				F796B7132B6AE529008474E0 /* TileTally */,
				F796B7292B6AE53E008474E0 /* TileTallyTests */,
				F796B7332B6AE53E008474E0 /* TileTallyUITests */,
				F796B7122B6AE529008474E0 /* Products */,
			);
			sourceTree = "<group>";
		};
		F796B7122B6AE529008474E0 /* Products */ = {
			isa = PBXGroup;
			children = (
				F796B7112B6AE529008474E0 /* TileTally.app */,
				F796B7262B6AE53E008474E0 /* TileTallyTests.xctest */,
				F796B7302B6AE53E008474E0 /* TileTallyUITests.xctest */,
			);
			name = Products;
			sourceTree = "<group>";
		};
		F796B7132B6AE529008474E0 /* TileTally */ = {
			isa = PBXGroup;
			children = (
				F77DF0752B81D9C20000A3F2 /* Assets */,
				F77DF0722B81C8560000A3F2 /* Info.plist */,
				F739BA342B7EE3030007C638 /* Score */,
				F796B74E2B6AF12C008474E0 /* Models */,
				F796B74B2B6AEE84008474E0 /* Extensions */,
				F796B7482B6AEA85008474E0 /* Components */,
				F796B7432B6AE63F008474E0 /* Check */,
				F796B7142B6AE529008474E0 /* TileTallyApp.swift */,
				F796B7162B6AE529008474E0 /* ContentView.swift */,
				F796B71A2B6AE53E008474E0 /* Preview Content */,
			);
			path = TileTally;
			sourceTree = "<group>";
		};
		F796B71A2B6AE53E008474E0 /* Preview Content */ = {
			isa = PBXGroup;
			children = (
				F796B71B2B6AE53E008474E0 /* Preview Assets.xcassets */,
			);
			path = "Preview Content";
			sourceTree = "<group>";
		};
		F796B7292B6AE53E008474E0 /* TileTallyTests */ = {
			isa = PBXGroup;
			children = (
				F796B72A2B6AE53E008474E0 /* ScrabPalTests.swift */,
			);
			path = TileTallyTests;
			sourceTree = "<group>";
		};
		F796B7332B6AE53E008474E0 /* TileTallyUITests */ = {
			isa = PBXGroup;
			children = (
				F796B7342B6AE53E008474E0 /* ScrabPalUITests.swift */,
				F796B7362B6AE53E008474E0 /* ScrabPalUITestsLaunchTests.swift */,
			);
			path = TileTallyUITests;
			sourceTree = "<group>";
		};
		F796B7432B6AE63F008474E0 /* Check */ = {
			isa = PBXGroup;
			children = (
				F796B7442B6AE658008474E0 /* CheckView.swift */,
				F796B7462B6AE711008474E0 /* CheckViewModel.swift */,
				F77DF07A2B82892C0000A3F2 /* DefinitionView.swift */,
			);
			path = Check;
			sourceTree = "<group>";
		};
		F796B7482B6AEA85008474E0 /* Components */ = {
			isa = PBXGroup;
			children = (
				F796B7492B6AEABD008474E0 /* HighEmphasisButton.swift */,
				F77DF0782B82761B0000A3F2 /* MediumEmphasisButton.swift */,
			);
			path = Components;
			sourceTree = "<group>";
		};
		F796B74B2B6AEE84008474E0 /* Extensions */ = {
			isa = PBXGroup;
			children = (
				F796B74C2B6AEE97008474E0 /* Color+Extensions.swift */,
			);
			path = Extensions;
			sourceTree = "<group>";
		};
		F796B74E2B6AF12C008474E0 /* Models */ = {
			isa = PBXGroup;
			children = (
				F796B74F2B6AF13F008474E0 /* Dictionary.swift */,
				F739BA322B7EE2600007C638 /* Game.swift */,
			);
			path = Models;
			sourceTree = "<group>";
		};
/* End PBXGroup section */

/* Begin PBXNativeTarget section */
		F796B7102B6AE529008474E0 /* TileTally */ = {
			isa = PBXNativeTarget;
			buildConfigurationList = F796B73A2B6AE53E008474E0 /* Build configuration list for PBXNativeTarget "TileTally" */;
			buildPhases = (
				F796B70D2B6AE529008474E0 /* Sources */,
				F796B70E2B6AE529008474E0 /* Frameworks */,
				F796B70F2B6AE529008474E0 /* Resources */,
			);
			buildRules = (
			);
			dependencies = (
			);
			name = TileTally;
			productName = ScrabPal;
			productReference = F796B7112B6AE529008474E0 /* TileTally.app */;
			productType = "com.apple.product-type.application";
		};
		F796B7252B6AE53E008474E0 /* TileTallyTests */ = {
			isa = PBXNativeTarget;
			buildConfigurationList = F796B73D2B6AE53E008474E0 /* Build configuration list for PBXNativeTarget "TileTallyTests" */;
			buildPhases = (
				F796B7222B6AE53E008474E0 /* Sources */,
				F796B7232B6AE53E008474E0 /* Frameworks */,
				F796B7242B6AE53E008474E0 /* Resources */,
			);
			buildRules = (
			);
			dependencies = (
				F796B7282B6AE53E008474E0 /* PBXTargetDependency */,
			);
			name = TileTallyTests;
			productName = ScrabPalTests;
			productReference = F796B7262B6AE53E008474E0 /* TileTallyTests.xctest */;
			productType = "com.apple.product-type.bundle.unit-test";
		};
		F796B72F2B6AE53E008474E0 /* TileTallyUITests */ = {
			isa = PBXNativeTarget;
			buildConfigurationList = F796B7402B6AE53E008474E0 /* Build configuration list for PBXNativeTarget "TileTallyUITests" */;
			buildPhases = (
				F796B72C2B6AE53E008474E0 /* Sources */,
				F796B72D2B6AE53E008474E0 /* Frameworks */,
				F796B72E2B6AE53E008474E0 /* Resources */,
			);
			buildRules = (
			);
			dependencies = (
				F796B7322B6AE53E008474E0 /* PBXTargetDependency */,
			);
			name = TileTallyUITests;
			productName = ScrabPalUITests;
			productReference = F796B7302B6AE53E008474E0 /* TileTallyUITests.xctest */;
			productType = "com.apple.product-type.bundle.ui-testing";
		};
/* End PBXNativeTarget section */

/* Begin PBXProject section */
		F796B7092B6AE529008474E0 /* Project object */ = {
			isa = PBXProject;
			attributes = {
				BuildIndependentTargetsInParallel = 1;
				LastSwiftUpdateCheck = 1430;
				LastUpgradeCheck = 1520;
				TargetAttributes = {
					F796B7102B6AE529008474E0 = {
						CreatedOnToolsVersion = 14.3.1;
					};
					F796B7252B6AE53E008474E0 = {
						CreatedOnToolsVersion = 14.3.1;
						TestTargetID = F796B7102B6AE529008474E0;
					};
					F796B72F2B6AE53E008474E0 = {
						CreatedOnToolsVersion = 14.3.1;
						TestTargetID = F796B7102B6AE529008474E0;
					};
				};
			};
			buildConfigurationList = F796B70C2B6AE529008474E0 /* Build configuration list for PBXProject "TileTally" */;
			compatibilityVersion = "Xcode 14.0";
			developmentRegion = en;
			hasScannedForEncodings = 0;
			knownRegions = (
				en,
				Base,
			);
			mainGroup = F796B7082B6AE529008474E0;
			productRefGroup = F796B7122B6AE529008474E0 /* Products */;
			projectDirPath = "";
			projectRoot = "";
			targets = (
				F796B7102B6AE529008474E0 /* TileTally */,
				F796B7252B6AE53E008474E0 /* TileTallyTests */,
				F796B72F2B6AE53E008474E0 /* TileTallyUITests */,
			);
		};
/* End PBXProject section */

/* Begin PBXResourcesBuildPhase section */
		F796B70F2B6AE529008474E0 /* Resources */ = {
			isa = PBXResourcesBuildPhase;
			buildActionMask = 2147483647;
			files = (
				F796B71C2B6AE53E008474E0 /* Preview Assets.xcassets in Resources */,
				F796B7192B6AE53E008474E0 /* Assets.xcassets in Resources */,
				F77DF07D2B82956F0000A3F2 /* Eurostile.ttf in Resources */,
			);
			runOnlyForDeploymentPostprocessing = 0;
		};
		F796B7242B6AE53E008474E0 /* Resources */ = {
			isa = PBXResourcesBuildPhase;
			buildActionMask = 2147483647;
			files = (
			);
			runOnlyForDeploymentPostprocessing = 0;
		};
		F796B72E2B6AE53E008474E0 /* Resources */ = {
			isa = PBXResourcesBuildPhase;
			buildActionMask = 2147483647;
			files = (
			);
			runOnlyForDeploymentPostprocessing = 0;
		};
/* End PBXResourcesBuildPhase section */

/* Begin PBXSourcesBuildPhase section */
		F796B70D2B6AE529008474E0 /* Sources */ = {
			isa = PBXSourcesBuildPhase;
			buildActionMask = 2147483647;
			files = (
				F77DF0792B82761B0000A3F2 /* MediumEmphasisButton.swift in Sources */,
				F77DF0712B81C2750000A3F2 /* InputView.swift in Sources */,
				F739BA332B7EE2600007C638 /* Game.swift in Sources */,
				F796B7472B6AE711008474E0 /* CheckViewModel.swift in Sources */,
				F739BA382B7EE32A0007C638 /* ScoreViewModel.swift in Sources */,
				F796B74A2B6AEABD008474E0 /* HighEmphasisButton.swift in Sources */,
				F77DF07B2B82892C0000A3F2 /* DefinitionView.swift in Sources */,
				F796B74D2B6AEE97008474E0 /* Color+Extensions.swift in Sources */,
				F744023A2B7F23040018AB44 /* GameView.swift in Sources */,
				F796B7172B6AE529008474E0 /* ContentView.swift in Sources */,
				F739BA362B7EE3180007C638 /* ScoreView.swift in Sources */,
				F796B7152B6AE529008474E0 /* TileTallyApp.swift in Sources */,
				F796B7502B6AF13F008474E0 /* Dictionary.swift in Sources */,
				F768DDDD2B7EE8BD009372EA /* CreateGameView.swift in Sources */,
				F796B7452B6AE658008474E0 /* CheckView.swift in Sources */,
			);
			runOnlyForDeploymentPostprocessing = 0;
		};
		F796B7222B6AE53E008474E0 /* Sources */ = {
			isa = PBXSourcesBuildPhase;
			buildActionMask = 2147483647;
			files = (
				F796B72B2B6AE53E008474E0 /* ScrabPalTests.swift in Sources */,
			);
			runOnlyForDeploymentPostprocessing = 0;
		};
		F796B72C2B6AE53E008474E0 /* Sources */ = {
			isa = PBXSourcesBuildPhase;
			buildActionMask = 2147483647;
			files = (
				F796B7372B6AE53E008474E0 /* ScrabPalUITestsLaunchTests.swift in Sources */,
				F796B7352B6AE53E008474E0 /* ScrabPalUITests.swift in Sources */,
			);
			runOnlyForDeploymentPostprocessing = 0;
		};
/* End PBXSourcesBuildPhase section */

/* Begin PBXTargetDependency section */
		F796B7282B6AE53E008474E0 /* PBXTargetDependency */ = {
			isa = PBXTargetDependency;
			target = F796B7102B6AE529008474E0 /* TileTally */;
			targetProxy = F796B7272B6AE53E008474E0 /* PBXContainerItemProxy */;
		};
		F796B7322B6AE53E008474E0 /* PBXTargetDependency */ = {
			isa = PBXTargetDependency;
			target = F796B7102B6AE529008474E0 /* TileTally */;
			targetProxy = F796B7312B6AE53E008474E0 /* PBXContainerItemProxy */;
		};
/* End PBXTargetDependency section */

/* Begin XCBuildConfiguration section */
		F796B7382B6AE53E008474E0 /* Debug */ = {
			isa = XCBuildConfiguration;
			buildSettings = {
				ALWAYS_SEARCH_USER_PATHS = NO;
				CLANG_ANALYZER_NONNULL = YES;
				CLANG_ANALYZER_NUMBER_OBJECT_CONVERSION = YES_AGGRESSIVE;
				CLANG_CXX_LANGUAGE_STANDARD = "gnu++20";
				CLANG_ENABLE_MODULES = YES;
				CLANG_ENABLE_OBJC_ARC = YES;
				CLANG_ENABLE_OBJC_WEAK = YES;
				CLANG_WARN_BLOCK_CAPTURE_AUTORELEASING = YES;
				CLANG_WARN_BOOL_CONVERSION = YES;
				CLANG_WARN_COMMA = YES;
				CLANG_WARN_CONSTANT_CONVERSION = YES;
				CLANG_WARN_DEPRECATED_OBJC_IMPLEMENTATIONS = YES;
				CLANG_WARN_DIRECT_OBJC_ISA_USAGE = YES_ERROR;
				CLANG_WARN_DOCUMENTATION_COMMENTS = YES;
				CLANG_WARN_EMPTY_BODY = YES;
				CLANG_WARN_ENUM_CONVERSION = YES;
				CLANG_WARN_INFINITE_RECURSION = YES;
				CLANG_WARN_INT_CONVERSION = YES;
				CLANG_WARN_NON_LITERAL_NULL_CONVERSION = YES;
				CLANG_WARN_OBJC_IMPLICIT_RETAIN_SELF = YES;
				CLANG_WARN_OBJC_LITERAL_CONVERSION = YES;
				CLANG_WARN_OBJC_ROOT_CLASS = YES_ERROR;
				CLANG_WARN_QUOTED_INCLUDE_IN_FRAMEWORK_HEADER = YES;
				CLANG_WARN_RANGE_LOOP_ANALYSIS = YES;
				CLANG_WARN_STRICT_PROTOTYPES = YES;
				CLANG_WARN_SUSPICIOUS_MOVE = YES;
				CLANG_WARN_UNGUARDED_AVAILABILITY = YES_AGGRESSIVE;
				CLANG_WARN_UNREACHABLE_CODE = YES;
				CLANG_WARN__DUPLICATE_METHOD_MATCH = YES;
				COPY_PHASE_STRIP = NO;
				DEBUG_INFORMATION_FORMAT = dwarf;
				ENABLE_STRICT_OBJC_MSGSEND = YES;
				ENABLE_TESTABILITY = YES;
				ENABLE_USER_SCRIPT_SANDBOXING = YES;
				GCC_C_LANGUAGE_STANDARD = gnu11;
				GCC_DYNAMIC_NO_PIC = NO;
				GCC_NO_COMMON_BLOCKS = YES;
				GCC_OPTIMIZATION_LEVEL = 0;
				GCC_PREPROCESSOR_DEFINITIONS = (
					"DEBUG=1",
					"$(inherited)",
				);
				GCC_WARN_64_TO_32_BIT_CONVERSION = YES;
				GCC_WARN_ABOUT_RETURN_TYPE = YES_ERROR;
				GCC_WARN_UNDECLARED_SELECTOR = YES;
				GCC_WARN_UNINITIALIZED_AUTOS = YES_AGGRESSIVE;
				GCC_WARN_UNUSED_FUNCTION = YES;
				GCC_WARN_UNUSED_VARIABLE = YES;
				IPHONEOS_DEPLOYMENT_TARGET = 16.4;
				MTL_ENABLE_DEBUG_INFO = INCLUDE_SOURCE;
				MTL_FAST_MATH = YES;
				ONLY_ACTIVE_ARCH = YES;
				SDKROOT = iphoneos;
				SWIFT_ACTIVE_COMPILATION_CONDITIONS = DEBUG;
				SWIFT_OPTIMIZATION_LEVEL = "-Onone";
			};
			name = Debug;
		};
		F796B7392B6AE53E008474E0 /* Release */ = {
			isa = XCBuildConfiguration;
			buildSettings = {
				ALWAYS_SEARCH_USER_PATHS = NO;
				CLANG_ANALYZER_NONNULL = YES;
				CLANG_ANALYZER_NUMBER_OBJECT_CONVERSION = YES_AGGRESSIVE;
				CLANG_CXX_LANGUAGE_STANDARD = "gnu++20";
				CLANG_ENABLE_MODULES = YES;
				CLANG_ENABLE_OBJC_ARC = YES;
				CLANG_ENABLE_OBJC_WEAK = YES;
				CLANG_WARN_BLOCK_CAPTURE_AUTORELEASING = YES;
				CLANG_WARN_BOOL_CONVERSION = YES;
				CLANG_WARN_COMMA = YES;
				CLANG_WARN_CONSTANT_CONVERSION = YES;
				CLANG_WARN_DEPRECATED_OBJC_IMPLEMENTATIONS = YES;
				CLANG_WARN_DIRECT_OBJC_ISA_USAGE = YES_ERROR;
				CLANG_WARN_DOCUMENTATION_COMMENTS = YES;
				CLANG_WARN_EMPTY_BODY = YES;
				CLANG_WARN_ENUM_CONVERSION = YES;
				CLANG_WARN_INFINITE_RECURSION = YES;
				CLANG_WARN_INT_CONVERSION = YES;
				CLANG_WARN_NON_LITERAL_NULL_CONVERSION = YES;
				CLANG_WARN_OBJC_IMPLICIT_RETAIN_SELF = YES;
				CLANG_WARN_OBJC_LITERAL_CONVERSION = YES;
				CLANG_WARN_OBJC_ROOT_CLASS = YES_ERROR;
				CLANG_WARN_QUOTED_INCLUDE_IN_FRAMEWORK_HEADER = YES;
				CLANG_WARN_RANGE_LOOP_ANALYSIS = YES;
				CLANG_WARN_STRICT_PROTOTYPES = YES;
				CLANG_WARN_SUSPICIOUS_MOVE = YES;
				CLANG_WARN_UNGUARDED_AVAILABILITY = YES_AGGRESSIVE;
				CLANG_WARN_UNREACHABLE_CODE = YES;
				CLANG_WARN__DUPLICATE_METHOD_MATCH = YES;
				COPY_PHASE_STRIP = NO;
				DEBUG_INFORMATION_FORMAT = "dwarf-with-dsym";
				ENABLE_NS_ASSERTIONS = NO;
				ENABLE_STRICT_OBJC_MSGSEND = YES;
				ENABLE_USER_SCRIPT_SANDBOXING = YES;
				GCC_C_LANGUAGE_STANDARD = gnu11;
				GCC_NO_COMMON_BLOCKS = YES;
				GCC_WARN_64_TO_32_BIT_CONVERSION = YES;
				GCC_WARN_ABOUT_RETURN_TYPE = YES_ERROR;
				GCC_WARN_UNDECLARED_SELECTOR = YES;
				GCC_WARN_UNINITIALIZED_AUTOS = YES_AGGRESSIVE;
				GCC_WARN_UNUSED_FUNCTION = YES;
				GCC_WARN_UNUSED_VARIABLE = YES;
				IPHONEOS_DEPLOYMENT_TARGET = 16.4;
				MTL_ENABLE_DEBUG_INFO = NO;
				MTL_FAST_MATH = YES;
				SDKROOT = iphoneos;
				SWIFT_COMPILATION_MODE = wholemodule;
				SWIFT_OPTIMIZATION_LEVEL = "-O";
				VALIDATE_PRODUCT = YES;
			};
			name = Release;
		};
		F796B73B2B6AE53E008474E0 /* Debug */ = {
			isa = XCBuildConfiguration;
			buildSettings = {
				ASSETCATALOG_COMPILER_APPICON_NAME = AppIcon;
				ASSETCATALOG_COMPILER_GLOBAL_ACCENT_COLOR_NAME = AccentColor;
				CODE_SIGN_STYLE = Automatic;
				CURRENT_PROJECT_VERSION = 1;
				DEVELOPMENT_ASSET_PATHS = "\"TileTally/Preview Content\"";
				DEVELOPMENT_TEAM = 2X792CPSD3;
				ENABLE_PREVIEWS = YES;
				GENERATE_INFOPLIST_FILE = YES;
				INFOPLIST_FILE = TileTally/Info.plist;
				INFOPLIST_KEY_UIApplicationSceneManifest_Generation = YES;
				INFOPLIST_KEY_UIApplicationSupportsIndirectInputEvents = YES;
				INFOPLIST_KEY_UILaunchScreen_Generation = YES;
				INFOPLIST_KEY_UIStatusBarStyle = "";
				INFOPLIST_KEY_UISupportedInterfaceOrientations_iPad = "UIInterfaceOrientationPortrait UIInterfaceOrientationPortraitUpsideDown UIInterfaceOrientationLandscapeLeft UIInterfaceOrientationLandscapeRight";
				INFOPLIST_KEY_UISupportedInterfaceOrientations_iPhone = "UIInterfaceOrientationPortrait UIInterfaceOrientationLandscapeLeft UIInterfaceOrientationLandscapeRight";
				LD_RUNPATH_SEARCH_PATHS = (
					"$(inherited)",
					"@executable_path/Frameworks",
				);
				MARKETING_VERSION = 1.0;
				PRODUCT_BUNDLE_IDENTIFIER = com.mitschlagel.tiletally;
				PRODUCT_NAME = "$(TARGET_NAME)";
				SWIFT_EMIT_LOC_STRINGS = YES;
				SWIFT_VERSION = 5.0;
				TARGETED_DEVICE_FAMILY = "1,2";
			};
			name = Debug;
		};
		F796B73C2B6AE53E008474E0 /* Release */ = {
			isa = XCBuildConfiguration;
			buildSettings = {
				ASSETCATALOG_COMPILER_APPICON_NAME = AppIcon;
				ASSETCATALOG_COMPILER_GLOBAL_ACCENT_COLOR_NAME = AccentColor;
				CODE_SIGN_STYLE = Automatic;
				CURRENT_PROJECT_VERSION = 1;
				DEVELOPMENT_ASSET_PATHS = "\"TileTally/Preview Content\"";
				DEVELOPMENT_TEAM = 2X792CPSD3;
				ENABLE_PREVIEWS = YES;
				GENERATE_INFOPLIST_FILE = YES;
				INFOPLIST_FILE = TileTally/Info.plist;
				INFOPLIST_KEY_UIApplicationSceneManifest_Generation = YES;
				INFOPLIST_KEY_UIApplicationSupportsIndirectInputEvents = YES;
				INFOPLIST_KEY_UILaunchScreen_Generation = YES;
				INFOPLIST_KEY_UIStatusBarStyle = "";
				INFOPLIST_KEY_UISupportedInterfaceOrientations_iPad = "UIInterfaceOrientationPortrait UIInterfaceOrientationPortraitUpsideDown UIInterfaceOrientationLandscapeLeft UIInterfaceOrientationLandscapeRight";
				INFOPLIST_KEY_UISupportedInterfaceOrientations_iPhone = "UIInterfaceOrientationPortrait UIInterfaceOrientationLandscapeLeft UIInterfaceOrientationLandscapeRight";
				LD_RUNPATH_SEARCH_PATHS = (
					"$(inherited)",
					"@executable_path/Frameworks",
				);
				MARKETING_VERSION = 1.0;
				PRODUCT_BUNDLE_IDENTIFIER = com.mitschlagel.tiletally;
				PRODUCT_NAME = "$(TARGET_NAME)";
				SWIFT_EMIT_LOC_STRINGS = YES;
				SWIFT_VERSION = 5.0;
				TARGETED_DEVICE_FAMILY = "1,2";
			};
			name = Release;
		};
		F796B73E2B6AE53E008474E0 /* Debug */ = {
			isa = XCBuildConfiguration;
			buildSettings = {
				ALWAYS_EMBED_SWIFT_STANDARD_LIBRARIES = YES;
				BUNDLE_LOADER = "$(TEST_HOST)";
				CODE_SIGN_STYLE = Automatic;
				CURRENT_PROJECT_VERSION = 1;
				DEVELOPMENT_TEAM = 2X792CPSD3;
				GENERATE_INFOPLIST_FILE = YES;
				IPHONEOS_DEPLOYMENT_TARGET = 16.4;
				MARKETING_VERSION = 1.0;
				PRODUCT_BUNDLE_IDENTIFIER = com.spencer.ScrabPalTests;
				PRODUCT_NAME = "$(TARGET_NAME)";
				SWIFT_EMIT_LOC_STRINGS = NO;
				SWIFT_VERSION = 5.0;
				TARGETED_DEVICE_FAMILY = "1,2";
				TEST_HOST = "$(BUILT_PRODUCTS_DIR)/TileTally.app/$(BUNDLE_EXECUTABLE_FOLDER_PATH)/TileTally";
			};
			name = Debug;
		};
		F796B73F2B6AE53E008474E0 /* Release */ = {
			isa = XCBuildConfiguration;
			buildSettings = {
				ALWAYS_EMBED_SWIFT_STANDARD_LIBRARIES = YES;
				BUNDLE_LOADER = "$(TEST_HOST)";
				CODE_SIGN_STYLE = Automatic;
				CURRENT_PROJECT_VERSION = 1;
				DEVELOPMENT_TEAM = 2X792CPSD3;
				GENERATE_INFOPLIST_FILE = YES;
				IPHONEOS_DEPLOYMENT_TARGET = 16.4;
				MARKETING_VERSION = 1.0;
				PRODUCT_BUNDLE_IDENTIFIER = com.spencer.ScrabPalTests;
				PRODUCT_NAME = "$(TARGET_NAME)";
				SWIFT_EMIT_LOC_STRINGS = NO;
				SWIFT_VERSION = 5.0;
				TARGETED_DEVICE_FAMILY = "1,2";
				TEST_HOST = "$(BUILT_PRODUCTS_DIR)/TileTally.app/$(BUNDLE_EXECUTABLE_FOLDER_PATH)/TileTally";
			};
			name = Release;
		};
		F796B7412B6AE53E008474E0 /* Debug */ = {
			isa = XCBuildConfiguration;
			buildSettings = {
				ALWAYS_EMBED_SWIFT_STANDARD_LIBRARIES = YES;
				CODE_SIGN_STYLE = Automatic;
				CURRENT_PROJECT_VERSION = 1;
				DEVELOPMENT_TEAM = 2X792CPSD3;
				GENERATE_INFOPLIST_FILE = YES;
				MARKETING_VERSION = 1.0;
				PRODUCT_BUNDLE_IDENTIFIER = com.spencer.ScrabPalUITests;
				PRODUCT_NAME = "$(TARGET_NAME)";
				SWIFT_EMIT_LOC_STRINGS = NO;
				SWIFT_VERSION = 5.0;
				TARGETED_DEVICE_FAMILY = "1,2";
				TEST_TARGET_NAME = ScrabPal;
			};
			name = Debug;
		};
		F796B7422B6AE53E008474E0 /* Release */ = {
			isa = XCBuildConfiguration;
			buildSettings = {
				ALWAYS_EMBED_SWIFT_STANDARD_LIBRARIES = YES;
				CODE_SIGN_STYLE = Automatic;
				CURRENT_PROJECT_VERSION = 1;
				DEVELOPMENT_TEAM = 2X792CPSD3;
				GENERATE_INFOPLIST_FILE = YES;
				MARKETING_VERSION = 1.0;
				PRODUCT_BUNDLE_IDENTIFIER = com.spencer.ScrabPalUITests;
				PRODUCT_NAME = "$(TARGET_NAME)";
				SWIFT_EMIT_LOC_STRINGS = NO;
				SWIFT_VERSION = 5.0;
				TARGETED_DEVICE_FAMILY = "1,2";
				TEST_TARGET_NAME = ScrabPal;
			};
			name = Release;
		};
/* End XCBuildConfiguration section */

/* Begin XCConfigurationList section */
		F796B70C2B6AE529008474E0 /* Build configuration list for PBXProject "TileTally" */ = {
			isa = XCConfigurationList;
			buildConfigurations = (
				F796B7382B6AE53E008474E0 /* Debug */,
				F796B7392B6AE53E008474E0 /* Release */,
			);
			defaultConfigurationIsVisible = 0;
			defaultConfigurationName = Release;
		};
		F796B73A2B6AE53E008474E0 /* Build configuration list for PBXNativeTarget "TileTally" */ = {
			isa = XCConfigurationList;
			buildConfigurations = (
				F796B73B2B6AE53E008474E0 /* Debug */,
				F796B73C2B6AE53E008474E0 /* Release */,
			);
			defaultConfigurationIsVisible = 0;
			defaultConfigurationName = Release;
		};
		F796B73D2B6AE53E008474E0 /* Build configuration list for PBXNativeTarget "TileTallyTests" */ = {
			isa = XCConfigurationList;
			buildConfigurations = (
				F796B73E2B6AE53E008474E0 /* Debug */,
				F796B73F2B6AE53E008474E0 /* Release */,
			);
			defaultConfigurationIsVisible = 0;
			defaultConfigurationName = Release;
		};
		F796B7402B6AE53E008474E0 /* Build configuration list for PBXNativeTarget "TileTallyUITests" */ = {
			isa = XCConfigurationList;
			buildConfigurations = (
				F796B7412B6AE53E008474E0 /* Debug */,
				F796B7422B6AE53E008474E0 /* Release */,
			);
			defaultConfigurationIsVisible = 0;
			defaultConfigurationName = Release;
		};
/* End XCConfigurationList section */
	};
	rootObject = F796B7092B6AE529008474E0 /* Project object */;
}
